
Microsoft Visual Studio Solution File, Format Version 12.00
# Visual Studio 15
VisualStudioVersion = 15.0.28010.2036
MinimumVisualStudioVersion = 10.0.40219.1
Project("{FAE04EC0-301F-11D3-BF4B-00C04F79EFBC}") = "NAVReaderWebApp", "NAVReaderWebApp\NAVReaderWebApp.csproj", "{4A27DC1E-AD3E-4A48-BA63-056CDB441E3A}"
EndProject
Global
	GlobalSection(SolutionConfigurationPlatforms) = preSolution
		Debug|Any CPU = Debug|Any CPU
		Release|Any CPU = Release|Any CPU
	EndGlobalSection
	GlobalSection(ProjectConfigurationPlatforms) = postSolution
		{4A27DC1E-AD3E-4A48-BA63-056CDB441E3A}.Debug|Any CPU.ActiveCfg = Debug|Any CPU
		{4A27DC1E-AD3E-4A48-BA63-056CDB441E3A}.Debug|Any CPU.Build.0 = Debug|Any CPU
		{4A27DC1E-AD3E-4A48-BA63-056CDB441E3A}.Release|Any CPU.ActiveCfg = Release|Any CPU
		{4A27DC1E-AD3E-4A48-BA63-056CDB441E3A}.Release|Any CPU.Build.0 = Release|Any CPU
	EndGlobalSection
	GlobalSection(SolutionProperties) = preSolution
		HideSolutionNode = FALSE
	EndGlobalSection
	GlobalSection(ExtensibilityGlobals) = postSolution
		SolutionGuid = {6934C5F6-F5C7-46E6-A7B5-45F5D49D24CE}
	EndGlobalSection
EndGlobal
